// !$*UTF8*$!
{
	archiveVersion = 1;
	classes = {
	};
	objectVersion = 51;
	objects = {

/* Begin PBXBuildFile section */
		E3A310881E450DC800D314DD /* DeviceList.swift in Sources */ = {isa = PBXBuildFile; fileRef = E3A310851E450DC800D314DD /* DeviceList.swift */; };
		E3A310891E450DC800D314DD /* main.swift in Sources */ = {isa = PBXBuildFile; fileRef = E3A310861E450DC800D314DD /* main.swift */; };
		E3A3108A1E450DC800D314DD /* Recorder.swift in Sources */ = {isa = PBXBuildFile; fileRef = E3A310871E450DC800D314DD /* Recorder.swift */; };
		E3A8F9E11E46F9C000C6C5FC /* util.swift in Sources */ = {isa = PBXBuildFile; fileRef = E3A8F9E01E46F9C000C6C5FC /* util.swift */; };
/* End PBXBuildFile section */

/* Begin PBXFileReference section */
		E3A3107B1E450D3600D314DD /* aperture */ = {isa = PBXFileReference; explicitFileType = "compiled.mach-o.executable"; includeInIndex = 0; path = aperture; sourceTree = BUILT_PRODUCTS_DIR; };
		E3A310851E450DC800D314DD /* DeviceList.swift */ = {isa = PBXFileReference; fileEncoding = 4; lastKnownFileType = sourcecode.swift; lineEnding = 0; path = DeviceList.swift; sourceTree = "<group>"; usesTabs = 0; };
		E3A310861E450DC800D314DD /* main.swift */ = {isa = PBXFileReference; fileEncoding = 4; lastKnownFileType = sourcecode.swift; lineEnding = 0; path = main.swift; sourceTree = "<group>"; usesTabs = 0; };
		E3A310871E450DC800D314DD /* Recorder.swift */ = {isa = PBXFileReference; fileEncoding = 4; lastKnownFileType = sourcecode.swift; lineEnding = 0; path = Recorder.swift; sourceTree = "<group>"; usesTabs = 0; };
		E3A8F9E01E46F9C000C6C5FC /* util.swift */ = {isa = PBXFileReference; fileEncoding = 4; lastKnownFileType = sourcecode.swift; lineEnding = 0; path = util.swift; sourceTree = "<group>"; usesTabs = 0; };
/* End PBXFileReference section */

/* Begin PBXFrameworksBuildPhase section */
		E3A310781E450D3600D314DD /* Frameworks */ = {
			isa = PBXFrameworksBuildPhase;
			buildActionMask = 2147483647;
			files = (
			);
			runOnlyForDeploymentPostprocessing = 0;
		};
/* End PBXFrameworksBuildPhase section */

/* Begin PBXGroup section */
		E3A310721E450D3600D314DD = {
			isa = PBXGroup;
			children = (
				E3A3107D1E450D3600D314DD /* aperture */,
				E3A3107C1E450D3600D314DD /* Products */,
			);
			indentWidth = 2;
			sourceTree = "<group>";
			tabWidth = 2;
			usesTabs = 0;
		};
		E3A3107C1E450D3600D314DD /* Products */ = {
			isa = PBXGroup;
			children = (
				E3A3107B1E450D3600D314DD /* aperture */,
			);
			name = Products;
			sourceTree = "<group>";
		};
		E3A3107D1E450D3600D314DD /* aperture */ = {
			isa = PBXGroup;
			children = (
				E3A310861E450DC800D314DD /* main.swift */,
				E3A310871E450DC800D314DD /* Recorder.swift */,
				E3A310851E450DC800D314DD /* DeviceList.swift */,
				E3A8F9E01E46F9C000C6C5FC /* util.swift */,
			);
			path = aperture;
			sourceTree = "<group>";
		};
/* End PBXGroup section */

/* Begin PBXNativeTarget section */
		E3A3107A1E450D3600D314DD /* aperture */ = {
			isa = PBXNativeTarget;
			buildConfigurationList = E3A310821E450D3600D314DD /* Build configuration list for PBXNativeTarget "aperture" */;
			buildPhases = (
				E3A310771E450D3600D314DD /* Sources */,
				E3A310781E450D3600D314DD /* Frameworks */,
				E325A4461E450E5E0016DB84 /* ShellScript */,
			);
			buildRules = (
			);
			dependencies = (
			);
			name = aperture;
			productName = aperture;
			productReference = E3A3107B1E450D3600D314DD /* aperture */;
			productType = "com.apple.product-type.tool";
		};
/* End PBXNativeTarget section */

/* Begin PBXProject section */
		E3A310731E450D3600D314DD /* Project object */ = {
			isa = PBXProject;
			attributes = {
				LastSwiftUpdateCheck = 0820;
				LastUpgradeCheck = 0930;
				ORGANIZATIONNAME = Wulkano;
				TargetAttributes = {
					E3A3107A1E450D3600D314DD = {
						CreatedOnToolsVersion = 8.2.1;
						LastSwiftMigration = 1000;
						ProvisioningStyle = Automatic;
					};
				};
			};
			buildConfigurationList = E3A310761E450D3600D314DD /* Build configuration list for PBXProject "aperture" */;
			compatibilityVersion = "Xcode 10.0";
			developmentRegion = English;
			hasScannedForEncodings = 0;
			mainGroup = E3A310721E450D3600D314DD;
			productRefGroup = E3A3107C1E450D3600D314DD /* Products */;
			projectDirPath = "";
			projectRoot = "";
			targets = (
				E3A3107A1E450D3600D314DD /* aperture */,
			);
		};
/* End PBXProject section */

/* Begin PBXShellScriptBuildPhase section */
		E325A4461E450E5E0016DB84 /* ShellScript */ = {
			isa = PBXShellScriptBuildPhase;
			buildActionMask = 2147483647;
			files = (
			);
			inputPaths = (
			);
			outputPaths = (
			);
			runOnlyForDeploymentPostprocessing = 0;
			shellPath = /bin/bash;
			shellScript = "cp \"${BUILT_PRODUCTS_DIR}/${EXECUTABLE_NAME}\" ../aperture";
		};
/* End PBXShellScriptBuildPhase section */

/* Begin PBXSourcesBuildPhase section */
		E3A310771E450D3600D314DD /* Sources */ = {
			isa = PBXSourcesBuildPhase;
			buildActionMask = 2147483647;
			files = (
				E3A3108A1E450DC800D314DD /* Recorder.swift in Sources */,
				E3A310891E450DC800D314DD /* main.swift in Sources */,
				E3A310881E450DC800D314DD /* DeviceList.swift in Sources */,
				E3A8F9E11E46F9C000C6C5FC /* util.swift in Sources */,
			);
			runOnlyForDeploymentPostprocessing = 0;
		};
/* End PBXSourcesBuildPhase section */

/* Begin XCBuildConfiguration section */
		E3A310801E450D3600D314DD /* Debug */ = {
			isa = XCBuildConfiguration;
			buildSettings = {
				ALWAYS_SEARCH_USER_PATHS = NO;
				CLANG_ANALYZER_NONNULL = YES;
				CLANG_CXX_LANGUAGE_STANDARD = "gnu++0x";
				CLANG_CXX_LIBRARY = "libc++";
				CLANG_ENABLE_MODULES = YES;
				CLANG_ENABLE_OBJC_ARC = YES;
				CLANG_WARN_BLOCK_CAPTURE_AUTORELEASING = YES;
				CLANG_WARN_BOOL_CONVERSION = YES;
				CLANG_WARN_COMMA = YES;
				CLANG_WARN_CONSTANT_CONVERSION = YES;
				CLANG_WARN_DEPRECATED_OBJC_IMPLEMENTATIONS = YES;
				CLANG_WARN_DIRECT_OBJC_ISA_USAGE = YES_ERROR;
				CLANG_WARN_DOCUMENTATION_COMMENTS = YES;
				CLANG_WARN_EMPTY_BODY = YES;
				CLANG_WARN_ENUM_CONVERSION = YES;
				CLANG_WARN_INFINITE_RECURSION = YES;
				CLANG_WARN_INT_CONVERSION = YES;
				CLANG_WARN_NON_LITERAL_NULL_CONVERSION = YES;
				CLANG_WARN_OBJC_IMPLICIT_RETAIN_SELF = YES;
				CLANG_WARN_OBJC_LITERAL_CONVERSION = YES;
				CLANG_WARN_OBJC_ROOT_CLASS = YES_ERROR;
				CLANG_WARN_RANGE_LOOP_ANALYSIS = YES;
				CLANG_WARN_STRICT_PROTOTYPES = YES;
				CLANG_WARN_SUSPICIOUS_MOVE = YES;
				CLANG_WARN_UNREACHABLE_CODE = YES;
				CLANG_WARN__DUPLICATE_METHOD_MATCH = YES;
				CODE_SIGN_IDENTITY = "-";
				COPY_PHASE_STRIP = NO;
				DEBUG_INFORMATION_FORMAT = dwarf;
				ENABLE_STRICT_OBJC_MSGSEND = YES;
				ENABLE_TESTABILITY = YES;
				GCC_C_LANGUAGE_STANDARD = gnu99;
				GCC_DYNAMIC_NO_PIC = NO;
				GCC_NO_COMMON_BLOCKS = YES;
				GCC_OPTIMIZATION_LEVEL = 0;
				GCC_PREPROCESSOR_DEFINITIONS = (
					"DEBUG=1",
					"$(inherited)",
				);
				GCC_WARN_64_TO_32_BIT_CONVERSION = YES;
				GCC_WARN_ABOUT_RETURN_TYPE = YES_ERROR;
				GCC_WARN_UNDECLARED_SELECTOR = YES;
				GCC_WARN_UNINITIALIZED_AUTOS = YES_AGGRESSIVE;
				GCC_WARN_UNUSED_FUNCTION = YES;
				GCC_WARN_UNUSED_VARIABLE = YES;
				MACOSX_DEPLOYMENT_TARGET = 10.12;
				MTL_ENABLE_DEBUG_INFO = YES;
				ONLY_ACTIVE_ARCH = YES;
				SDKROOT = macosx;
				SWIFT_COMPILATION_MODE = singlefile;
				SWIFT_OPTIMIZATION_LEVEL = "-Onone";
				SWIFT_VERSION = 4.0;
				VALID_ARCHS = x86_64;
			};
			name = Debug;
		};
		E3A310811E450D3600D314DD /* Release */ = {
			isa = XCBuildConfiguration;
			buildSettings = {
				ALWAYS_SEARCH_USER_PATHS = NO;
				CLANG_ANALYZER_NONNULL = YES;
				CLANG_CXX_LANGUAGE_STANDARD = "gnu++0x";
				CLANG_CXX_LIBRARY = "libc++";
				CLANG_ENABLE_MODULES = YES;
				CLANG_ENABLE_OBJC_ARC = YES;
				CLANG_WARN_BLOCK_CAPTURE_AUTORELEASING = YES;
				CLANG_WARN_BOOL_CONVERSION = YES;
				CLANG_WARN_COMMA = YES;
				CLANG_WARN_CONSTANT_CONVERSION = YES;
				CLANG_WARN_DEPRECATED_OBJC_IMPLEMENTATIONS = YES;
				CLANG_WARN_DIRECT_OBJC_ISA_USAGE = YES_ERROR;
				CLANG_WARN_DOCUMENTATION_COMMENTS = YES;
				CLANG_WARN_EMPTY_BODY = YES;
				CLANG_WARN_ENUM_CONVERSION = YES;
				CLANG_WARN_INFINITE_RECURSION = YES;
				CLANG_WARN_INT_CONVERSION = YES;
				CLANG_WARN_NON_LITERAL_NULL_CONVERSION = YES;
				CLANG_WARN_OBJC_IMPLICIT_RETAIN_SELF = YES;
				CLANG_WARN_OBJC_LITERAL_CONVERSION = YES;
				CLANG_WARN_OBJC_ROOT_CLASS = YES_ERROR;
				CLANG_WARN_RANGE_LOOP_ANALYSIS = YES;
				CLANG_WARN_STRICT_PROTOTYPES = YES;
				CLANG_WARN_SUSPICIOUS_MOVE = YES;
				CLANG_WARN_UNREACHABLE_CODE = YES;
				CLANG_WARN__DUPLICATE_METHOD_MATCH = YES;
				CODE_SIGN_IDENTITY = "-";
				COPY_PHASE_STRIP = NO;
				DEBUG_INFORMATION_FORMAT = "dwarf-with-dsym";
				ENABLE_NS_ASSERTIONS = NO;
				ENABLE_STRICT_OBJC_MSGSEND = YES;
				GCC_C_LANGUAGE_STANDARD = gnu99;
				GCC_NO_COMMON_BLOCKS = YES;
				GCC_OPTIMIZATION_LEVEL = s;
				GCC_WARN_64_TO_32_BIT_CONVERSION = YES;
				GCC_WARN_ABOUT_RETURN_TYPE = YES_ERROR;
				GCC_WARN_UNDECLARED_SELECTOR = YES;
				GCC_WARN_UNINITIALIZED_AUTOS = YES_AGGRESSIVE;
				GCC_WARN_UNUSED_FUNCTION = YES;
				GCC_WARN_UNUSED_VARIABLE = YES;
				MACOSX_DEPLOYMENT_TARGET = 10.12;
				MTL_ENABLE_DEBUG_INFO = NO;
				SDKROOT = macosx;
				SWIFT_COMPILATION_MODE = wholemodule;
				SWIFT_OPTIMIZATION_LEVEL = "-O";
				SWIFT_VERSION = 4.0;
				VALID_ARCHS = x86_64;
			};
			name = Release;
		};
		E3A310831E450D3600D314DD /* Debug */ = {
			isa = XCBuildConfiguration;
			buildSettings = {
				CLANG_ENABLE_MODULES = NO;
				INSTALL_PATH = "";
				LD_RUNPATH_SEARCH_PATHS = (
					"$(inherited)",
					"@executable_path/../Frameworks",
					"@loader_path/../Frameworks",
				);
				PRODUCT_NAME = "$(TARGET_NAME)";
				SWIFT_COMPILATION_MODE = singlefile;
				SWIFT_OPTIMIZATION_LEVEL = "-Onone";
				SWIFT_VERSION = 4.2;
			};
			name = Debug;
		};
		E3A310841E450D3600D314DD /* Release */ = {
			isa = XCBuildConfiguration;
			buildSettings = {
				CLANG_ENABLE_MODULES = NO;
				INSTALL_PATH = "";
				LD_RUNPATH_SEARCH_PATHS = (
					"$(inherited)",
					"@executable_path/../Frameworks",
					"@loader_path/../Frameworks",
				);
				PRODUCT_NAME = "$(TARGET_NAME)";
				SWIFT_COMPILATION_MODE = wholemodule;
				SWIFT_OPTIMIZATION_LEVEL = "-O";
				SWIFT_VERSION = 4.2;
			};
			name = Release;
		};
/* End XCBuildConfiguration section */

/* Begin XCConfigurationList section */
		E3A310761E450D3600D314DD /* Build configuration list for PBXProject "aperture" */ = {
			isa = XCConfigurationList;
			buildConfigurations = (
				E3A310801E450D3600D314DD /* Debug */,
				E3A310811E450D3600D314DD /* Release */,
			);
			defaultConfigurationIsVisible = 0;
			defaultConfigurationName = Release;
		};
		E3A310821E450D3600D314DD /* Build configuration list for PBXNativeTarget "aperture" */ = {
			isa = XCConfigurationList;
			buildConfigurations = (
				E3A310831E450D3600D314DD /* Debug */,
				E3A310841E450D3600D314DD /* Release */,
			);
			defaultConfigurationIsVisible = 0;
			defaultConfigurationName = Release;
		};
/* End XCConfigurationList section */
	};
	rootObject = E3A310731E450D3600D314DD /* Project object */;
}
